
Microsoft Visual Studio Solution File, Format Version 12.00
# Visual Studio Version 16
VisualStudioVersion = 16.0.30907.101
MinimumVisualStudioVersion = 10.0.40219.1
Project("{FAE04EC0-301F-11D3-BF4B-00C04F79EFBC}") = "PersonelBilgiSistemi", "PersonelBilgiSistemi\PersonelBilgiSistemi.csproj", "{CBD97E40-B605-451F-87F2-885BBBA21288}"
EndProject
Global
	GlobalSection(SolutionConfigurationPlatforms) = preSolution
		Debug|Any CPU = Debug|Any CPU
		Release|Any CPU = Release|Any CPU
	EndGlobalSection
	GlobalSection(ProjectConfigurationPlatforms) = postSolution
		{CBD97E40-B605-451F-87F2-885BBBA21288}.Debug|Any CPU.ActiveCfg = Debug|Any CPU
		{CBD97E40-B605-451F-87F2-885BBBA21288}.Debug|Any CPU.Build.0 = Debug|Any CPU
		{CBD97E40-B605-451F-87F2-885BBBA21288}.Release|Any CPU.ActiveCfg = Release|Any CPU
		{CBD97E40-B605-451F-87F2-885BBBA21288}.Release|Any CPU.Build.0 = Release|Any CPU
	EndGlobalSection
	GlobalSection(SolutionProperties) = preSolution
		HideSolutionNode = FALSE
	EndGlobalSection
	GlobalSection(ExtensibilityGlobals) = postSolution
		SolutionGuid = {B988FC8B-7E65-48DC-94F2-0FCAF03DC32A}
	EndGlobalSection
EndGlobal
